
Microsoft Visual Studio Solution File, Format Version 12.00
# Visual Studio Version 17
VisualStudioVersion = 17.11.35303.130
MinimumVisualStudioVersion = 10.0.40219.1
Project("{FAE04EC0-301F-11D3-BF4B-00C04F79EFBC}") = "PlayersDatabase", "PlayersDatabase\PlayersDatabase.csproj", "{6CF3B7F5-1142-4290-9DB1-31E21141D41C}"
EndProject
Global
	GlobalSection(SolutionConfigurationPlatforms) = preSolution
		Debug|Any CPU = Debug|Any CPU
		Release|Any CPU = Release|Any CPU
	EndGlobalSection
	GlobalSection(ProjectConfigurationPlatforms) = postSolution
		{6CF3B7F5-1142-4290-9DB1-31E21141D41C}.Debug|Any CPU.ActiveCfg = Debug|Any CPU
		{6CF3B7F5-1142-4290-9DB1-31E21141D41C}.Debug|Any CPU.Build.0 = Debug|Any CPU
		{6CF3B7F5-1142-4290-9DB1-31E21141D41C}.Release|Any CPU.ActiveCfg = Release|Any CPU
		{6CF3B7F5-1142-4290-9DB1-31E21141D41C}.Release|Any CPU.Build.0 = Release|Any CPU
	EndGlobalSection
	GlobalSection(SolutionProperties) = preSolution
		HideSolutionNode = FALSE
	EndGlobalSection
	GlobalSection(ExtensibilityGlobals) = postSolution
		SolutionGuid = {22C65F17-8CB2-4395-9137-B5CA46C60AD0}
	EndGlobalSection
EndGlobal
